
Microsoft Visual Studio Solution File, Format Version 12.00
# Visual Studio 15
VisualStudioVersion = 15.0.28307.168
MinimumVisualStudioVersion = 10.0.40219.1
Project("{9A19103F-16F7-4668-BE54-9A1E7A4F7556}") = "Loan", "Loan.Api\Loan.csproj", "{6A5CB79B-EFBE-4EBB-8C89-B8C835FD590E}"
EndProject
Project("{FAE04EC0-301F-11D3-BF4B-00C04F79EFBC}") = "Loan.Test", "Loan.Test\Loan.Test.csproj", "{D2A5A36B-5A5C-4D6E-963C-9620944D5084}"
EndProject
Global
	GlobalSection(SolutionConfigurationPlatforms) = preSolution
		Debug|Any CPU = Debug|Any CPU
		Release|Any CPU = Release|Any CPU
	EndGlobalSection
	GlobalSection(ProjectConfigurationPlatforms) = postSolution
		{6A5CB79B-EFBE-4EBB-8C89-B8C835FD590E}.Debug|Any CPU.ActiveCfg = Debug|Any CPU
		{6A5CB79B-EFBE-4EBB-8C89-B8C835FD590E}.Debug|Any CPU.Build.0 = Debug|Any CPU
		{6A5CB79B-EFBE-4EBB-8C89-B8C835FD590E}.Release|Any CPU.ActiveCfg = Release|Any CPU
		{6A5CB79B-EFBE-4EBB-8C89-B8C835FD590E}.Release|Any CPU.Build.0 = Release|Any CPU
		{D2A5A36B-5A5C-4D6E-963C-9620944D5084}.Debug|Any CPU.ActiveCfg = Debug|Any CPU
		{D2A5A36B-5A5C-4D6E-963C-9620944D5084}.Debug|Any CPU.Build.0 = Debug|Any CPU
		{D2A5A36B-5A5C-4D6E-963C-9620944D5084}.Release|Any CPU.ActiveCfg = Release|Any CPU
		{D2A5A36B-5A5C-4D6E-963C-9620944D5084}.Release|Any CPU.Build.0 = Release|Any CPU
	EndGlobalSection
	GlobalSection(SolutionProperties) = preSolution
		HideSolutionNode = FALSE
	EndGlobalSection
	GlobalSection(ExtensibilityGlobals) = postSolution
		SolutionGuid = {FD57FCE3-E791-4521-97CA-59926010B0EA}
	EndGlobalSection
EndGlobal
